
Microsoft Visual Studio Solution File, Format Version 12.00
# Visual Studio 15
VisualStudioVersion = 15.0.28307.1259
MinimumVisualStudioVersion = 10.0.40219.1
Project("{8BC9CEB8-8B4A-11D0-8D11-00A0C91BC942}") = "K8055VS", "K8055VS\K8055VS.vcxproj", "{181DC821-7F21-4F96-92F6-636D1C29E339}"
EndProject
Global
	GlobalSection(SolutionConfigurationPlatforms) = preSolution
		Debug|x64 = Debug|x64
		Debug|x86 = Debug|x86
		Release|x64 = Release|x64
		Release|x86 = Release|x86
	EndGlobalSection
	GlobalSection(ProjectConfigurationPlatforms) = postSolution
		{181DC821-7F21-4F96-92F6-636D1C29E339}.Debug|x64.ActiveCfg = Debug|x64
		{181DC821-7F21-4F96-92F6-636D1C29E339}.Debug|x64.Build.0 = Debug|x64
		{181DC821-7F21-4F96-92F6-636D1C29E339}.Debug|x86.ActiveCfg = Debug|Win32
		{181DC821-7F21-4F96-92F6-636D1C29E339}.Debug|x86.Build.0 = Debug|Win32
		{181DC821-7F21-4F96-92F6-636D1C29E339}.Release|x64.ActiveCfg = Release|x64
		{181DC821-7F21-4F96-92F6-636D1C29E339}.Release|x64.Build.0 = Release|x64
		{181DC821-7F21-4F96-92F6-636D1C29E339}.Release|x86.ActiveCfg = Release|Win32
		{181DC821-7F21-4F96-92F6-636D1C29E339}.Release|x86.Build.0 = Release|Win32
	EndGlobalSection
	GlobalSection(SolutionProperties) = preSolution
		HideSolutionNode = FALSE
	EndGlobalSection
	GlobalSection(ExtensibilityGlobals) = postSolution
		SolutionGuid = {081977CF-0069-4A87-8D74-CF0EF4CB0154}
	EndGlobalSection
EndGlobal
